
Microsoft Visual Studio Solution File, Format Version 12.00
# Visual Studio Version 16
VisualStudioVersion = 16.0.32413.511
MinimumVisualStudioVersion = 10.0.40219.1
Project("{FAE04EC0-301F-11D3-BF4B-00C04F79EFBC}") = "console.app", "console.app\console.app.csproj", "{95E62D5E-9310-4D9E-AAFA-D85231909CE7}"
EndProject
Project("{FAE04EC0-301F-11D3-BF4B-00C04F79EFBC}") = "Console.App2", "Console.App2\Console.App2.csproj", "{CD0D9585-870D-4ED1-98C5-190F1BDB0359}"
EndProject
Global
	GlobalSection(SolutionConfigurationPlatforms) = preSolution
		Debug|Any CPU = Debug|Any CPU
		Release|Any CPU = Release|Any CPU
	EndGlobalSection
	GlobalSection(ProjectConfigurationPlatforms) = postSolution
		{95E62D5E-9310-4D9E-AAFA-D85231909CE7}.Debug|Any CPU.ActiveCfg = Debug|Any CPU
		{95E62D5E-9310-4D9E-AAFA-D85231909CE7}.Debug|Any CPU.Build.0 = Debug|Any CPU
		{95E62D5E-9310-4D9E-AAFA-D85231909CE7}.Release|Any CPU.ActiveCfg = Release|Any CPU
		{95E62D5E-9310-4D9E-AAFA-D85231909CE7}.Release|Any CPU.Build.0 = Release|Any CPU
		{CD0D9585-870D-4ED1-98C5-190F1BDB0359}.Debug|Any CPU.ActiveCfg = Debug|Any CPU
		{CD0D9585-870D-4ED1-98C5-190F1BDB0359}.Debug|Any CPU.Build.0 = Debug|Any CPU
		{CD0D9585-870D-4ED1-98C5-190F1BDB0359}.Release|Any CPU.ActiveCfg = Release|Any CPU
		{CD0D9585-870D-4ED1-98C5-190F1BDB0359}.Release|Any CPU.Build.0 = Release|Any CPU
	EndGlobalSection
	GlobalSection(SolutionProperties) = preSolution
		HideSolutionNode = FALSE
	EndGlobalSection
	GlobalSection(ExtensibilityGlobals) = postSolution
		SolutionGuid = {3FB7851F-D73E-4A4C-98E9-37C8EE85B5B4}
	EndGlobalSection
EndGlobal
